Microsoft Visual Studio Solution File, Format Version 9.00
# Visual Studio 2005
Project("{FAE04EC0-301F-11D3-BF4B-00C04F79EFBC}") = "BugzScout", "BugzScout.csproj", "{C52B0986-5CE9-485B-88BC-DA48BB06D7FB}"
EndProject
Global
	GlobalSection(SolutionConfigurationPlatforms) = preSolution
		Debug|Any CPU = Debug|Any CPU
		Release|Any CPU = Release|Any CPU
	EndGlobalSection
	GlobalSection(ProjectConfigurationPlatforms) = postSolution
		{C52B0986-5CE9-485B-88BC-DA48BB06D7FB}.Debug|Any CPU.ActiveCfg = Debug|Any CPU
		{C52B0986-5CE9-485B-88BC-DA48BB06D7FB}.Debug|Any CPU.Build.0 = Debug|Any CPU
		{C52B0986-5CE9-485B-88BC-DA48BB06D7FB}.Release|Any CPU.ActiveCfg = Release|Any CPU
		{C52B0986-5CE9-485B-88BC-DA48BB06D7FB}.Release|Any CPU.Build.0 = Release|Any CPU
	EndGlobalSection
	GlobalSection(SolutionProperties) = preSolution
		HideSolutionNode = FALSE
	EndGlobalSection
EndGlobal
