
Microsoft Visual Studio Solution File, Format Version 10.00
# Visual Studio 2008
Project("{FAE04EC0-301F-11D3-BF4B-00C04F79EFBC}") = "BugzScout", "BugzScout\BugzScout.csproj", "{6AE8B3D6-9D65-4879-B9A8-2BF4C694CA77}"
EndProject
Global
	GlobalSection(SolutionConfigurationPlatforms) = preSolution
		Debug|Any CPU = Debug|Any CPU
		Release|Any CPU = Release|Any CPU
	EndGlobalSection
	GlobalSection(ProjectConfigurationPlatforms) = postSolution
		{6AE8B3D6-9D65-4879-B9A8-2BF4C694CA77}.Debug|Any CPU.ActiveCfg = Debug|Any CPU
		{6AE8B3D6-9D65-4879-B9A8-2BF4C694CA77}.Debug|Any CPU.Build.0 = Debug|Any CPU
		{6AE8B3D6-9D65-4879-B9A8-2BF4C694CA77}.Release|Any CPU.ActiveCfg = Release|Any CPU
		{6AE8B3D6-9D65-4879-B9A8-2BF4C694CA77}.Release|Any CPU.Build.0 = Release|Any CPU
	EndGlobalSection
	GlobalSection(SolutionProperties) = preSolution
		HideSolutionNode = FALSE
	EndGlobalSection
EndGlobal
